github.com/cespare/xxhash/v2 v2.1.2 h1:YRXhKfTDauu4ajMg1TPgFO5jnlC2HCbmLXMcTG5cbYE=
github.com/cespare/xxhash/v2 v2.1.2/go.mod h1:VGX0DQ3Q6kWi7AoAeZDth3/j3BFtOZR5XLFGgcrjCOs=
github.com/dgryski/go-rendezvous v0.0.0-20200823014737-9f7001d12a5f h1:lO4WD4F/rVNCu3HqELle0jiPLLBs70cWOduZpkS1E78=
github.com/dgryski/go-rendezvous v0.0.0-20200823014737-9f7001d12a5f/go.mod h1:cuUVRXasLTGF7a8hSLbxyZXjz+1KgoB3wDUb6vlszIc=
github.com/go-redis/redis/v8 v8.11.5 h1:AcZZR7igkdvfVmQTPnu9WE37LRrO/YrBH5zWyjDC0oI=
github.com/go-redis/redis/v8 v8.11.5/go.mod h1:gREzHqY1hg6oD9ngVRbLStwAWKhA0FEgq8Jd4h5lpwo=
github.com/gorilla/websocket v1.5.3 h1:saDtZ6Pbx/0u+bgYQ3q96pZgCzfhKXGPqt7kZ72aNNg=
github.com/gorilla/websocket v1.5.3/go.mod h1:YR8l580nyteQvAITg2hZ9XVh4b55+EU/adAjf1fMHhE=
github.com/stormi-li/omipc-v1 v1.0.6 h1:J8gQkpXTKqjTJOyNLi+3/qJ36Z3lAH5fm4edF+1n2pI=
github.com/stormi-li/omipc-v1 v1.0.6/go.mod h1:ZAp6w8bM/PlfvetZH1OnT79baGIir/2jlHtmKYTHdpE=
github.com/stormi-li/omiserd-v1 v1.0.4 h1:aaoVf4AjA5BpkowbR2KrSlx1AmaUwumYy5ryNCXMLiA=
github.com/stormi-li/omiserd-v1 v1.0.4/go.mod h1:X2uGc+Z0CD3HIeYeFdiDsDRfGZvpGahSOGsEZsaAY2Q=
github.com/stormi-li/omiserd-v1 v1.0.5 h1:vQ/jJs3lJsP1M4tZJtY8d8ChVsbYcpIg1cY/tXNK99w=
github.com/stormi-li/omiserd-v1 v1.0.5/go.mod h1:X2uGc+Z0CD3HIeYeFdiDsDRfGZvpGahSOGsEZsaAY2Q=
